{
  "name": "feliz_jueves",
  "lockfileVersion": 3,
  "requires": true,
  "packages": {
    "": {
      "dependencies": {
        "emoji-regex": "^10.2.1"
      },
      "devDependencies": {
        "nwjs-types": "^1.0.0"
      }
    },
    "node_modules/@types/node": {
      "version": "11.15.54",
      "resolved": "https://registry.npmjs.org/@types/node/-/node-11.15.54.tgz",
      "integrity": "sha512-1RWYiq+5UfozGsU6MwJyFX6BtktcT10XRjvcAQmskCtMcW3tPske88lM/nHv7BQG1w9KBXI1zPGuu5PnNCX14g==",
      "dev": true
    },
    "node_modules/emoji-regex": {
      "version": "10.2.1",
      "resolved": "https://registry.npmjs.org/emoji-regex/-/emoji-regex-10.2.1.tgz",
      "integrity": "sha512-97g6QgOk8zlDRdgq1WxwgTMgEWGVAQvB5Fdpgc1MkNy56la5SKP9GsMXKDOdqwn90/41a8yPwIGk1Y6WVbeMQA=="
    },
    "node_modules/nwjs-types": {
      "version": "1.0.0",
      "resolved": "https://registry.npmjs.org/nwjs-types/-/nwjs-types-1.0.0.tgz",
      "integrity": "sha512-lMOCPWuUIK5/g+3cPj/E1Z1dw+kjCpdT+7s9LqbY4AM9WMy76QOZ3Kk+c983GTKadkRrWazOKThhTUDgpl898A==",
      "dev": true,
      "dependencies": {
        "@types/node": "^11.11.3"
      }
    }
  }
}
